
Microsoft Visual Studio Solution File, Format Version 12.00
# Visual Studio Version 17
VisualStudioVersion = 17.0.31903.59
MinimumVisualStudioVersion = 10.0.40219.1
Project("{FAE04EC0-301F-11D3-BF4B-00C04F79EFBC}") = "TimeTracker.Web", "TimeTracker.Web\TimeTracker.Web.csproj", "{929F7A26-AB31-4A2F-A01B-F4C016AA014C}"
EndProject
Project("{FAE04EC0-301F-11D3-BF4B-00C04F79EFBC}") = "TimeTracker.Data", "TimeTracker.Data\TimeTracker.Data.csproj", "{8E3FA574-8100-415A-9BBA-5223003518C7}"
EndProject
Global
	GlobalSection(SolutionConfigurationPlatforms) = preSolution
		Debug|Any CPU = Debug|Any CPU
		Release|Any CPU = Release|Any CPU
	EndGlobalSection
	GlobalSection(SolutionProperties) = preSolution
		HideSolutionNode = FALSE
	EndGlobalSection
	GlobalSection(ProjectConfigurationPlatforms) = postSolution
		{929F7A26-AB31-4A2F-A01B-F4C016AA014C}.Debug|Any CPU.ActiveCfg = Debug|Any CPU
		{929F7A26-AB31-4A2F-A01B-F4C016AA014C}.Debug|Any CPU.Build.0 = Debug|Any CPU
		{929F7A26-AB31-4A2F-A01B-F4C016AA014C}.Release|Any CPU.ActiveCfg = Release|Any CPU
		{929F7A26-AB31-4A2F-A01B-F4C016AA014C}.Release|Any CPU.Build.0 = Release|Any CPU
		{8E3FA574-8100-415A-9BBA-5223003518C7}.Debug|Any CPU.ActiveCfg = Debug|Any CPU
		{8E3FA574-8100-415A-9BBA-5223003518C7}.Debug|Any CPU.Build.0 = Debug|Any CPU
		{8E3FA574-8100-415A-9BBA-5223003518C7}.Release|Any CPU.ActiveCfg = Release|Any CPU
		{8E3FA574-8100-415A-9BBA-5223003518C7}.Release|Any CPU.Build.0 = Release|Any CPU
	EndGlobalSection
EndGlobal
